
Microsoft Visual Studio Solution File, Format Version 12.00
# Visual Studio Version 17
VisualStudioVersion = 17.9.34728.123
MinimumVisualStudioVersion = 10.0.40219.1
Project("{FAE04EC0-301F-11D3-BF4B-00C04F79EFBC}") = "ExamenCesarJuñoAjaxNetCoreMVC", "ExamenCesarJuñoAjaxNetCoreMVC.csproj", "{D7F300D6-F4EC-40BF-B724-C0E4400A72A5}"
EndProject
Global
	GlobalSection(SolutionConfigurationPlatforms) = preSolution
		Debug|Any CPU = Debug|Any CPU
		Release|Any CPU = Release|Any CPU
	EndGlobalSection
	GlobalSection(ProjectConfigurationPlatforms) = postSolution
		{D7F300D6-F4EC-40BF-B724-C0E4400A72A5}.Debug|Any CPU.ActiveCfg = Debug|Any CPU
		{D7F300D6-F4EC-40BF-B724-C0E4400A72A5}.Debug|Any CPU.Build.0 = Debug|Any CPU
		{D7F300D6-F4EC-40BF-B724-C0E4400A72A5}.Release|Any CPU.ActiveCfg = Release|Any CPU
		{D7F300D6-F4EC-40BF-B724-C0E4400A72A5}.Release|Any CPU.Build.0 = Release|Any CPU
	EndGlobalSection
	GlobalSection(SolutionProperties) = preSolution
		HideSolutionNode = FALSE
	EndGlobalSection
	GlobalSection(ExtensibilityGlobals) = postSolution
		SolutionGuid = {90601B3C-B8FC-427A-A880-D0D1BFFC3C2B}
	EndGlobalSection
EndGlobal
